{
    "_meta": {
        "hash": {
            "sha256": "abdc6afc83e0c23e79e6abc33c2e395b6356bdcb69aa489b86a5ea8090a9f3ac"
        },
        "pipfile-spec": 6,
        "requires": {
            "python_version": "3.10"
        },
        "sources": [
            {
                "name": "pypi",
                "url": "https://pypi.org/simple",
                "verify_ssl": true
            }
        ]
    },
    "default": {
        "eralchemy2": {
            "hashes": [
                "sha256:1c1ee49b26287a459c5c89aa3eba3d6a9d1b8e6bd245d9fbacc6b15560fc66a5",
                "sha256:be3ecd4e696172fe4b439a3010b08564c6f7c7323b9e9b4369e47da7a7b48428"
            ],
            "index": "pypi",
            "markers": "python_version >= '3.8'",
            "version": "==1.4.1"
        },
        "pygraphviz": {
            "hashes": [
                "sha256:c10df02377f4e39b00ae17c862f4ee7e5767317f1c6b2dfd04cea6acc7fc2bea"
            ],
            "index": "pypi",
            "markers": "python_version >= '3.10'",
            "version": "==1.14"
        },
        "sqlalchemy": {
            "hashes": [
                "sha256:03f0528c53ca0b67094c4764523c1451ea15959bbf0a8a8a3096900014db0278",
                "sha256:12b0f1ec623cccf058cf21cb544f0e74656618165b083d78145cafde156ea7b6",
                "sha256:12b28d99a9c14eaf4055810df1001557176716de0167b91026e648e65229bffb",
                "sha256:1b2690456528a87234a75d1a1644cdb330a6926f455403c8e4f6cad6921f9098",
                "sha256:1cdba1f73b64530c47b27118b7053b8447e6d6f3c8104e3ac59f3d40c33aa9fd",
                "sha256:293f9ade06b2e68dd03cfb14d49202fac47b7bb94bffcff174568c951fbc7af2",
                "sha256:2952748ecd67ed3b56773c185e85fc084f6bdcdec10e5032a7c25a6bc7d682ef",
                "sha256:2f95fc8e3f34b5f6b3effb49d10ac97c569ec8e32f985612d9b25dd12d0d2e94",
                "sha256:2fa2c0913f02341d25fb858e4fb2031e6b0813494cca1ba07d417674128ce11b",
                "sha256:3151822aa1db0eb5afd65ccfafebe0ef5cda3a7701a279c8d0bf17781a793bb4",
                "sha256:35bd2df269de082065d4b23ae08502a47255832cc3f17619a5cea92ce478b02b",
                "sha256:41296bbcaa55ef5fdd32389a35c710133b097f7b2609d8218c0eabded43a1d84",
                "sha256:44f569d0b1eb82301b92b72085583277316e7367e038d97c3a1a899d9a05e342",
                "sha256:46954173612617a99a64aee103bcd3f078901b9a8dcfc6ae80cbf34ba23df989",
                "sha256:4b12885dc85a2ab2b7d00995bac6d967bffa8594123b02ed21e8eb2205a7584b",
                "sha256:4f581d365af9373a738c49e0c51e8b18e08d8a6b1b15cc556773bcd8a192fa8b",
                "sha256:51bc9cfef83e0ac84f86bf2b10eaccb27c5a3e66a1212bef676f5bee6ef33ebb",
                "sha256:521ef85c04c33009166777c77e76c8a676e2d8528dc83a57836b63ca9c69dcd1",
                "sha256:5bc3339db84c5fb9130ac0e2f20347ee77b5dd2596ba327ce0d399752f4fce39",
                "sha256:635d8a21577341dfe4f7fa59ec394b346da12420b86624a69e466d446de16aff",
                "sha256:648ec5acf95ad59255452ef759054f2176849662af4521db6cb245263ae4aa33",
                "sha256:650dcb70739957a492ad8acff65d099a9586b9b8920e3507ca61ec3ce650bb72",
                "sha256:6b788f14c5bb91db7f468dcf76f8b64423660a05e57fe277d3f4fad7b9dcb7ce",
                "sha256:6c67415258f9f3c69867ec02fea1bf6508153709ecbd731a982442a590f2b7e4",
                "sha256:74bbd1d0a9bacf34266a7907d43260c8d65d31d691bb2356f41b17c2dca5b1d0",
                "sha256:75311559f5c9881a9808eadbeb20ed8d8ba3f7225bef3afed2000c2a9f4d49b9",
                "sha256:78361be6dc9073ed17ab380985d1e45e48a642313ab68ab6afa2457354ff692c",
                "sha256:7b7e772dc4bc507fdec4ee20182f15bd60d2a84f1e087a8accf5b5b7a0dcf2ba",
                "sha256:82df02816c14f8dc9f4d74aea4cb84a92f4b0620235daa76dde002409a3fbb5a",
                "sha256:84b9f23b0fa98a6a4b99d73989350a94e4a4ec476b9a7dfe9b79ba5939f5e80b",
                "sha256:8c4096727193762e72ce9437e2a86a110cf081241919ce3fab8e89c02f6b6658",
                "sha256:8e47f1af09444f87c67b4f1bb6231e12ba6d4d9f03050d7fc88df6d075231a49",
                "sha256:93d1543cd8359040c02b6614421c8e10cd7a788c40047dbc507ed46c29ae5636",
                "sha256:94b564e38b344d3e67d2e224f0aec6ba09a77e4582ced41e7bfd0f757d926ec9",
                "sha256:955a2a765aa1bd81aafa69ffda179d4fe3e2a3ad462a736ae5b6f387f78bfeb8",
                "sha256:9d087663b7e1feabea8c578d6887d59bb00388158e8bff3a76be11aa3f748ca2",
                "sha256:9df21b8d9e5c136ea6cde1c50d2b1c29a2b5ff2b1d610165c23ff250e0704087",
                "sha256:a8998bf9f8658bd3839cbc44ddbe982955641863da0c1efe5b00c1ab4f5c16b1",
                "sha256:b2eae3423e538c10d93ae3e87788c6a84658c3ed6db62e6a61bb9495b0ad16bb",
                "sha256:b661b49d0cb0ab311a189b31e25576b7ac3e20783beb1e1817d72d9d02508bf5",
                "sha256:bedee60385c1c0411378cbd4dc486362f5ee88deceea50002772912d798bb00f",
                "sha256:c505edd429abdfe3643fa3b2e83efb3445a34a9dc49d5f692dd087be966020e0",
                "sha256:cce918ada64c956b62ca2c2af59b125767097ec1dca89650a6221e887521bfd7",
                "sha256:cf5ae8a9dcf657fd72144a7fd01f243236ea39e7344e579a121c4205aedf07bb",
                "sha256:cf95a60b36997dad99692314c4713f141b61c5b0b4cc5c3426faad570b31ca01",
                "sha256:d57bafbab289e147d064ffbd5cca2d7b1394b63417c0636cea1f2e93d16eb9e8",
                "sha256:d70f53a0646cc418ca4853da57cf3ddddbccb8c98406791f24426f2dd77fd0e2",
                "sha256:d75ead7dd4d255068ea0f21492ee67937bd7c90964c8f3c2bea83c7b7f81b95f",
                "sha256:da36c3b0e891808a7542c5c89f224520b9a16c7f5e4d6a1156955605e54aef0e",
                "sha256:db18ff6b8c0f1917f8b20f8eca35c28bbccb9f83afa94743e03d40203ed83de9",
                "sha256:dfff7be361048244c3aa0f60b5e63221c5e0f0e509f4e47b8910e22b57d10ae7",
                "sha256:e4fb5ac86d8fe8151966814f6720996430462e633d225497566b3996966b9bdb",
                "sha256:e56a139bfe136a22c438478a86f8204c1eb5eed36f4e15c4224e4b9db01cb3e4",
                "sha256:e6f5d254a22394847245f411a2956976401e84da4288aa70cbcd5190744062c1",
                "sha256:e7402ff96e2b073a98ef6d6142796426d705addd27b9d26c3b32dbaa06d7d069",
                "sha256:ea308cec940905ba008291d93619d92edaf83232ec85fbd514dcb329f3192761",
                "sha256:eaa8039b6d20137a4e02603aba37d12cd2dde7887500b8855356682fc33933f4"
            ],
            "index": "pypi",
            "markers": "python_version >= '3.7'",
            "version": "==2.0.37"
        },
        "typing-extensions": {
            "hashes": [
                "sha256:04e5ca0351e0f3f85c6853954072df659d0d13fac324d0072316b67d7794700d",
                "sha256:1a7ead55c7e559dd4dee8856e3a88b41225abfe1ce8df57b7c13915fe121ffb8"
            ],
            "markers": "python_version >= '3.8'",
            "version": "==4.12.2"
        }
    },
    "develop": {}
}
